
Microsoft Visual Studio Solution File, Format Version 12.00
# Visual Studio 15
VisualStudioVersion = 15.0.28010.2036
MinimumVisualStudioVersion = 10.0.40219.1
Project("{9A19103F-16F7-4668-BE54-9A1E7A4F7556}") = "E18I4DABH4Gr4", "E18I4DABH4Gr4\E18I4DABH4Gr4.csproj", "{274E0F72-D35D-4879-9347-5F5DD1A4069D}"
EndProject
Project("{00D1A9C2-B5F0-4AF3-8072-F6C62B433612}") = "Database1", "..\..\..\..\..\Users\Admin\source\repos\Database1\Database1.sqlproj", "{1D84B303-B4AF-4A0E-BB8F-ADDB3703113A}"
EndProject
Project("{00D1A9C2-B5F0-4AF3-8072-F6C62B433612}") = "Database4", "..\..\..\..\..\Users\Admin\source\repos\Database4\Database4.sqlproj", "{99CB597F-5094-428B-B7C9-6B50621E753F}"
EndProject
Global
	GlobalSection(SolutionConfigurationPlatforms) = preSolution
		Debug|Any CPU = Debug|Any CPU
		Release|Any CPU = Release|Any CPU
	EndGlobalSection
	GlobalSection(ProjectConfigurationPlatforms) = postSolution
		{274E0F72-D35D-4879-9347-5F5DD1A4069D}.Debug|Any CPU.ActiveCfg = Debug|Any CPU
		{274E0F72-D35D-4879-9347-5F5DD1A4069D}.Debug|Any CPU.Build.0 = Debug|Any CPU
		{274E0F72-D35D-4879-9347-5F5DD1A4069D}.Release|Any CPU.ActiveCfg = Release|Any CPU
		{274E0F72-D35D-4879-9347-5F5DD1A4069D}.Release|Any CPU.Build.0 = Release|Any CPU
		{1D84B303-B4AF-4A0E-BB8F-ADDB3703113A}.Debug|Any CPU.ActiveCfg = Debug|Any CPU
		{1D84B303-B4AF-4A0E-BB8F-ADDB3703113A}.Debug|Any CPU.Build.0 = Debug|Any CPU
		{1D84B303-B4AF-4A0E-BB8F-ADDB3703113A}.Debug|Any CPU.Deploy.0 = Debug|Any CPU
		{1D84B303-B4AF-4A0E-BB8F-ADDB3703113A}.Release|Any CPU.ActiveCfg = Release|Any CPU
		{1D84B303-B4AF-4A0E-BB8F-ADDB3703113A}.Release|Any CPU.Build.0 = Release|Any CPU
		{1D84B303-B4AF-4A0E-BB8F-ADDB3703113A}.Release|Any CPU.Deploy.0 = Release|Any CPU
		{99CB597F-5094-428B-B7C9-6B50621E753F}.Debug|Any CPU.ActiveCfg = Debug|Any CPU
		{99CB597F-5094-428B-B7C9-6B50621E753F}.Debug|Any CPU.Build.0 = Debug|Any CPU
		{99CB597F-5094-428B-B7C9-6B50621E753F}.Debug|Any CPU.Deploy.0 = Debug|Any CPU
		{99CB597F-5094-428B-B7C9-6B50621E753F}.Release|Any CPU.ActiveCfg = Release|Any CPU
		{99CB597F-5094-428B-B7C9-6B50621E753F}.Release|Any CPU.Build.0 = Release|Any CPU
		{99CB597F-5094-428B-B7C9-6B50621E753F}.Release|Any CPU.Deploy.0 = Release|Any CPU
	EndGlobalSection
	GlobalSection(SolutionProperties) = preSolution
		HideSolutionNode = FALSE
	EndGlobalSection
	GlobalSection(ExtensibilityGlobals) = postSolution
		SolutionGuid = {DCCE19B7-C285-442C-911F-9C887DAFC1AC}
	EndGlobalSection
EndGlobal
